// !$*UTF8*$!
{
	archiveVersion = 1;
	classes = {
	};
	objectVersion = 48;
	objects = {

/* Begin PBXBuildFile section */
		CED414521FFC24E500F825F0 /* AppDelegate.swift in Sources */ = {isa = PBXBuildFile; fileRef = CED414511FFC24E500F825F0 /* AppDelegate.swift */; };
		CED414541FFC24E500F825F0 /* ViewController.swift in Sources */ = {isa = PBXBuildFile; fileRef = CED414531FFC24E500F825F0 /* ViewController.swift */; };
		CED414571FFC24E500F825F0 /* Main.storyboard in Resources */ = {isa = PBXBuildFile; fileRef = CED414551FFC24E500F825F0 /* Main.storyboard */; };
		CED414591FFC24E500F825F0 /* Assets.xcassets in Resources */ = {isa = PBXBuildFile; fileRef = CED414581FFC24E500F825F0 /* Assets.xcassets */; };
		CED4145C1FFC24E500F825F0 /* LaunchScreen.storyboard in Resources */ = {isa = PBXBuildFile; fileRef = CED4145A1FFC24E500F825F0 /* LaunchScreen.storyboard */; };
		CED414641FFC289800F825F0 /* newAnimation.json in Resources */ = {isa = PBXBuildFile; fileRef = CED414631FFC289800F825F0 /* newAnimation.json */; };
		E0964643C6182FE7D11BE265 /* Pods_LottieSampleApp.framework in Frameworks */ = {isa = PBXBuildFile; fileRef = 50650FDC120F96B4C3D0DF01 /* Pods_LottieSampleApp.framework */; };
/* End PBXBuildFile section */

/* Begin PBXFileReference section */
		4255AC98BDFE9FB9EF1C30CB /* Pods-LottieSampleApp.release.xcconfig */ = {isa = PBXFileReference; includeInIndex = 1; lastKnownFileType = text.xcconfig; name = "Pods-LottieSampleApp.release.xcconfig"; path = "Pods/Target Support Files/Pods-LottieSampleApp/Pods-LottieSampleApp.release.xcconfig"; sourceTree = "<group>"; };
		48902F445A77022C3F3AE7FE /* Pods-LottieSampleApp.debug.xcconfig */ = {isa = PBXFileReference; includeInIndex = 1; lastKnownFileType = text.xcconfig; name = "Pods-LottieSampleApp.debug.xcconfig"; path = "Pods/Target Support Files/Pods-LottieSampleApp/Pods-LottieSampleApp.debug.xcconfig"; sourceTree = "<group>"; };
		50650FDC120F96B4C3D0DF01 /* Pods_LottieSampleApp.framework */ = {isa = PBXFileReference; explicitFileType = wrapper.framework; includeInIndex = 0; path = Pods_LottieSampleApp.framework; sourceTree = BUILT_PRODUCTS_DIR; };
		CED4144E1FFC24E500F825F0 /* LottieSampleApp.app */ = {isa = PBXFileReference; explicitFileType = wrapper.application; includeInIndex = 0; path = LottieSampleApp.app; sourceTree = BUILT_PRODUCTS_DIR; };
		CED414511FFC24E500F825F0 /* AppDelegate.swift */ = {isa = PBXFileReference; lastKnownFileType = sourcecode.swift; path = AppDelegate.swift; sourceTree = "<group>"; };
		CED414531FFC24E500F825F0 /* ViewController.swift */ = {isa = PBXFileReference; lastKnownFileType = sourcecode.swift; path = ViewController.swift; sourceTree = "<group>"; };
		CED414561FFC24E500F825F0 /* Base */ = {isa = PBXFileReference; lastKnownFileType = file.storyboard; name = Base; path = Base.lproj/Main.storyboard; sourceTree = "<group>"; };
		CED414581FFC24E500F825F0 /* Assets.xcassets */ = {isa = PBXFileReference; lastKnownFileType = folder.assetcatalog; path = Assets.xcassets; sourceTree = "<group>"; };
		CED4145B1FFC24E500F825F0 /* Base */ = {isa = PBXFileReference; lastKnownFileType = file.storyboard; name = Base; path = Base.lproj/LaunchScreen.storyboard; sourceTree = "<group>"; };
		CED4145D1FFC24E500F825F0 /* Info.plist */ = {isa = PBXFileReference; lastKnownFileType = text.plist.xml; path = Info.plist; sourceTree = "<group>"; };
		CED414631FFC289800F825F0 /* newAnimation.json */ = {isa = PBXFileReference; fileEncoding = 4; lastKnownFileType = text.json; path = newAnimation.json; sourceTree = "<group>"; };
/* End PBXFileReference section */

/* Begin PBXFrameworksBuildPhase section */
		CED4144B1FFC24E500F825F0 /* Frameworks */ = {
			isa = PBXFrameworksBuildPhase;
			buildActionMask = 2147483647;
			files = (
				E0964643C6182FE7D11BE265 /* Pods_LottieSampleApp.framework in Frameworks */,
			);
			runOnlyForDeploymentPostprocessing = 0;
		};
/* End PBXFrameworksBuildPhase section */

/* Begin PBXGroup section */
		1207838CFFE42708D3FF898E /* Frameworks */ = {
			isa = PBXGroup;
			children = (
				50650FDC120F96B4C3D0DF01 /* Pods_LottieSampleApp.framework */,
			);
			name = Frameworks;
			sourceTree = "<group>";
		};
		5D6C8C9B152EF3BBB48AE033 /* Pods */ = {
			isa = PBXGroup;
			children = (
				48902F445A77022C3F3AE7FE /* Pods-LottieSampleApp.debug.xcconfig */,
				4255AC98BDFE9FB9EF1C30CB /* Pods-LottieSampleApp.release.xcconfig */,
			);
			name = Pods;
			sourceTree = "<group>";
		};
		CED414451FFC24E500F825F0 = {
			isa = PBXGroup;
			children = (
				CED414501FFC24E500F825F0 /* LottieSampleApp */,
				CED4144F1FFC24E500F825F0 /* Products */,
				5D6C8C9B152EF3BBB48AE033 /* Pods */,
				1207838CFFE42708D3FF898E /* Frameworks */,
			);
			sourceTree = "<group>";
		};
		CED4144F1FFC24E500F825F0 /* Products */ = {
			isa = PBXGroup;
			children = (
				CED4144E1FFC24E500F825F0 /* LottieSampleApp.app */,
			);
			name = Products;
			sourceTree = "<group>";
		};
		CED414501FFC24E500F825F0 /* LottieSampleApp */ = {
			isa = PBXGroup;
			children = (
				CED414651FFC2E8600F825F0 /* LottieImages */,
				CED414511FFC24E500F825F0 /* AppDelegate.swift */,
				CED414531FFC24E500F825F0 /* ViewController.swift */,
				CED414551FFC24E500F825F0 /* Main.storyboard */,
				CED414581FFC24E500F825F0 /* Assets.xcassets */,
				CED4145A1FFC24E500F825F0 /* LaunchScreen.storyboard */,
				CED4145D1FFC24E500F825F0 /* Info.plist */,
			);
			path = LottieSampleApp;
			sourceTree = "<group>";
		};
		CED414651FFC2E8600F825F0 /* LottieImages */ = {
			isa = PBXGroup;
			children = (
				CED414631FFC289800F825F0 /* newAnimation.json */,
			);
			path = LottieImages;
			sourceTree = "<group>";
		};
/* End PBXGroup section */

/* Begin PBXNativeTarget section */
		CED4144D1FFC24E500F825F0 /* LottieSampleApp */ = {
			isa = PBXNativeTarget;
			buildConfigurationList = CED414601FFC24E500F825F0 /* Build configuration list for PBXNativeTarget "LottieSampleApp" */;
			buildPhases = (
				B3E22FC0FB20A8F5DF5E325B /* [CP] Check Pods Manifest.lock */,
				CED4144A1FFC24E500F825F0 /* Sources */,
				CED4144B1FFC24E500F825F0 /* Frameworks */,
				CED4144C1FFC24E500F825F0 /* Resources */,
				EC20E76D270271DA8458DE06 /* [CP] Embed Pods Frameworks */,
				4BCCF789E7CA62817BC9C4B4 /* [CP] Copy Pods Resources */,
			);
			buildRules = (
			);
			dependencies = (
			);
			name = LottieSampleApp;
			productName = LottieSampleApp;
			productReference = CED4144E1FFC24E500F825F0 /* LottieSampleApp.app */;
			productType = "com.apple.product-type.application";
		};
/* End PBXNativeTarget section */

/* Begin PBXProject section */
		CED414461FFC24E500F825F0 /* Project object */ = {
			isa = PBXProject;
			attributes = {
				LastSwiftUpdateCheck = 0920;
				LastUpgradeCheck = 0920;
				ORGANIZATIONNAME = Manosoft;
				TargetAttributes = {
					CED4144D1FFC24E500F825F0 = {
						CreatedOnToolsVersion = 9.2;
						ProvisioningStyle = Automatic;
					};
				};
			};
			buildConfigurationList = CED414491FFC24E500F825F0 /* Build configuration list for PBXProject "LottieSampleApp" */;
			compatibilityVersion = "Xcode 8.0";
			developmentRegion = en;
			hasScannedForEncodings = 0;
			knownRegions = (
				en,
				Base,
			);
			mainGroup = CED414451FFC24E500F825F0;
			productRefGroup = CED4144F1FFC24E500F825F0 /* Products */;
			projectDirPath = "";
			projectRoot = "";
			targets = (
				CED4144D1FFC24E500F825F0 /* LottieSampleApp */,
			);
		};
/* End PBXProject section */

/* Begin PBXResourcesBuildPhase section */
		CED4144C1FFC24E500F825F0 /* Resources */ = {
			isa = PBXResourcesBuildPhase;
			buildActionMask = 2147483647;
			files = (
				CED4145C1FFC24E500F825F0 /* LaunchScreen.storyboard in Resources */,
				CED414591FFC24E500F825F0 /* Assets.xcassets in Resources */,
				CED414571FFC24E500F825F0 /* Main.storyboard in Resources */,
				CED414641FFC289800F825F0 /* newAnimation.json in Resources */,
			);
			runOnlyForDeploymentPostprocessing = 0;
		};
/* End PBXResourcesBuildPhase section */

/* Begin PBXShellScriptBuildPhase section */
		4BCCF789E7CA62817BC9C4B4 /* [CP] Copy Pods Resources */ = {
			isa = PBXShellScriptBuildPhase;
			buildActionMask = 2147483647;
			files = (
			);
			inputPaths = (
			);
			name = "[CP] Copy Pods Resources";
			outputPaths = (
			);
			runOnlyForDeploymentPostprocessing = 0;
			shellPath = /bin/sh;
			shellScript = "\"${SRCROOT}/Pods/Target Support Files/Pods-LottieSampleApp/Pods-LottieSampleApp-resources.sh\"\n";
			showEnvVarsInLog = 0;
		};
		B3E22FC0FB20A8F5DF5E325B /* [CP] Check Pods Manifest.lock */ = {
			isa = PBXShellScriptBuildPhase;
			buildActionMask = 2147483647;
			files = (
			);
			inputPaths = (
			);
			name = "[CP] Check Pods Manifest.lock";
			outputPaths = (
			);
			runOnlyForDeploymentPostprocessing = 0;
			shellPath = /bin/sh;
			shellScript = "diff \"${PODS_ROOT}/../Podfile.lock\" \"${PODS_ROOT}/Manifest.lock\" > /dev/null\nif [ $? != 0 ] ; then\n    # print error to STDERR\n    echo \"error: The sandbox is not in sync with the Podfile.lock. Run 'pod install' or update your CocoaPods installation.\" >&2\n    exit 1\nfi\n";
			showEnvVarsInLog = 0;
		};
		EC20E76D270271DA8458DE06 /* [CP] Embed Pods Frameworks */ = {
			isa = PBXShellScriptBuildPhase;
			buildActionMask = 2147483647;
			files = (
			);
			inputPaths = (
			);
			name = "[CP] Embed Pods Frameworks";
			outputPaths = (
			);
			runOnlyForDeploymentPostprocessing = 0;
			shellPath = /bin/sh;
			shellScript = "\"${SRCROOT}/Pods/Target Support Files/Pods-LottieSampleApp/Pods-LottieSampleApp-frameworks.sh\"\n";
			showEnvVarsInLog = 0;
		};
/* End PBXShellScriptBuildPhase section */

/* Begin PBXSourcesBuildPhase section */
		CED4144A1FFC24E500F825F0 /* Sources */ = {
			isa = PBXSourcesBuildPhase;
			buildActionMask = 2147483647;
			files = (
				CED414541FFC24E500F825F0 /* ViewController.swift in Sources */,
				CED414521FFC24E500F825F0 /* AppDelegate.swift in Sources */,
			);
			runOnlyForDeploymentPostprocessing = 0;
		};
/* End PBXSourcesBuildPhase section */

/* Begin PBXVariantGroup section */
		CED414551FFC24E500F825F0 /* Main.storyboard */ = {
			isa = PBXVariantGroup;
			children = (
				CED414561FFC24E500F825F0 /* Base */,
			);
			name = Main.storyboard;
			sourceTree = "<group>";
		};
		CED4145A1FFC24E500F825F0 /* LaunchScreen.storyboard */ = {
			isa = PBXVariantGroup;
			children = (
				CED4145B1FFC24E500F825F0 /* Base */,
			);
			name = LaunchScreen.storyboard;
			sourceTree = "<group>";
		};
/* End PBXVariantGroup section */

/* Begin XCBuildConfiguration section */
		CED4145E1FFC24E500F825F0 /* Debug */ = {
			isa = XCBuildConfiguration;
			buildSettings = {
				ALWAYS_SEARCH_USER_PATHS = NO;
				CLANG_ANALYZER_NONNULL = YES;
				CLANG_ANALYZER_NUMBER_OBJECT_CONVERSION = YES_AGGRESSIVE;
				CLANG_CXX_LANGUAGE_STANDARD = "gnu++14";
				CLANG_CXX_LIBRARY = "libc++";
				CLANG_ENABLE_MODULES = YES;
				CLANG_ENABLE_OBJC_ARC = YES;
				CLANG_WARN_BLOCK_CAPTURE_AUTORELEASING = YES;
				CLANG_WARN_BOOL_CONVERSION = YES;
				CLANG_WARN_COMMA = YES;
				CLANG_WARN_CONSTANT_CONVERSION = YES;
				CLANG_WARN_DIRECT_OBJC_ISA_USAGE = YES_ERROR;
				CLANG_WARN_DOCUMENTATION_COMMENTS = YES;
				CLANG_WARN_EMPTY_BODY = YES;
				CLANG_WARN_ENUM_CONVERSION = YES;
				CLANG_WARN_INFINITE_RECURSION = YES;
				CLANG_WARN_INT_CONVERSION = YES;
				CLANG_WARN_NON_LITERAL_NULL_CONVERSION = YES;
				CLANG_WARN_OBJC_LITERAL_CONVERSION = YES;
				CLANG_WARN_OBJC_ROOT_CLASS = YES_ERROR;
				CLANG_WARN_RANGE_LOOP_ANALYSIS = YES;
				CLANG_WARN_STRICT_PROTOTYPES = YES;
				CLANG_WARN_SUSPICIOUS_MOVE = YES;
				CLANG_WARN_UNGUARDED_AVAILABILITY = YES_AGGRESSIVE;
				CLANG_WARN_UNREACHABLE_CODE = YES;
				CLANG_WARN__DUPLICATE_METHOD_MATCH = YES;
				CODE_SIGN_IDENTITY = "iPhone Developer";
				COPY_PHASE_STRIP = NO;
				DEBUG_INFORMATION_FORMAT = dwarf;
				ENABLE_STRICT_OBJC_MSGSEND = YES;
				ENABLE_TESTABILITY = YES;
				GCC_C_LANGUAGE_STANDARD = gnu11;
				GCC_DYNAMIC_NO_PIC = NO;
				GCC_NO_COMMON_BLOCKS = YES;
				GCC_OPTIMIZATION_LEVEL = 0;
				GCC_PREPROCESSOR_DEFINITIONS = (
					"DEBUG=1",
					"$(inherited)",
				);
				GCC_WARN_64_TO_32_BIT_CONVERSION = YES;
				GCC_WARN_ABOUT_RETURN_TYPE = YES_ERROR;
				GCC_WARN_UNDECLARED_SELECTOR = YES;
				GCC_WARN_UNINITIALIZED_AUTOS = YES_AGGRESSIVE;
				GCC_WARN_UNUSED_FUNCTION = YES;
				GCC_WARN_UNUSED_VARIABLE = YES;
				IPHONEOS_DEPLOYMENT_TARGET = 11.2;
				MTL_ENABLE_DEBUG_INFO = YES;
				ONLY_ACTIVE_ARCH = YES;
				SDKROOT = iphoneos;
				SWIFT_ACTIVE_COMPILATION_CONDITIONS = DEBUG;
				SWIFT_OPTIMIZATION_LEVEL = "-Onone";
			};
			name = Debug;
		};
		CED4145F1FFC24E500F825F0 /* Release */ = {
			isa = XCBuildConfiguration;
			buildSettings = {
				ALWAYS_SEARCH_USER_PATHS = NO;
				CLANG_ANALYZER_NONNULL = YES;
				CLANG_ANALYZER_NUMBER_OBJECT_CONVERSION = YES_AGGRESSIVE;
				CLANG_CXX_LANGUAGE_STANDARD = "gnu++14";
				CLANG_CXX_LIBRARY = "libc++";
				CLANG_ENABLE_MODULES = YES;
				CLANG_ENABLE_OBJC_ARC = YES;
				CLANG_WARN_BLOCK_CAPTURE_AUTORELEASING = YES;
				CLANG_WARN_BOOL_CONVERSION = YES;
				CLANG_WARN_COMMA = YES;
				CLANG_WARN_CONSTANT_CONVERSION = YES;
				CLANG_WARN_DIRECT_OBJC_ISA_USAGE = YES_ERROR;
				CLANG_WARN_DOCUMENTATION_COMMENTS = YES;
				CLANG_WARN_EMPTY_BODY = YES;
				CLANG_WARN_ENUM_CONVERSION = YES;
				CLANG_WARN_INFINITE_RECURSION = YES;
				CLANG_WARN_INT_CONVERSION = YES;
				CLANG_WARN_NON_LITERAL_NULL_CONVERSION = YES;
				CLANG_WARN_OBJC_LITERAL_CONVERSION = YES;
				CLANG_WARN_OBJC_ROOT_CLASS = YES_ERROR;
				CLANG_WARN_RANGE_LOOP_ANALYSIS = YES;
				CLANG_WARN_STRICT_PROTOTYPES = YES;
				CLANG_WARN_SUSPICIOUS_MOVE = YES;
				CLANG_WARN_UNGUARDED_AVAILABILITY = YES_AGGRESSIVE;
				CLANG_WARN_UNREACHABLE_CODE = YES;
				CLANG_WARN__DUPLICATE_METHOD_MATCH = YES;
				CODE_SIGN_IDENTITY = "iPhone Developer";
				COPY_PHASE_STRIP = NO;
				DEBUG_INFORMATION_FORMAT = "dwarf-with-dsym";
				ENABLE_NS_ASSERTIONS = NO;
				ENABLE_STRICT_OBJC_MSGSEND = YES;
				GCC_C_LANGUAGE_STANDARD = gnu11;
				GCC_NO_COMMON_BLOCKS = YES;
				GCC_WARN_64_TO_32_BIT_CONVERSION = YES;
				GCC_WARN_ABOUT_RETURN_TYPE = YES_ERROR;
				GCC_WARN_UNDECLARED_SELECTOR = YES;
				GCC_WARN_UNINITIALIZED_AUTOS = YES_AGGRESSIVE;
				GCC_WARN_UNUSED_FUNCTION = YES;
				GCC_WARN_UNUSED_VARIABLE = YES;
				IPHONEOS_DEPLOYMENT_TARGET = 11.2;
				MTL_ENABLE_DEBUG_INFO = NO;
				SDKROOT = iphoneos;
				SWIFT_OPTIMIZATION_LEVEL = "-Owholemodule";
				VALIDATE_PRODUCT = YES;
			};
			name = Release;
		};
		CED414611FFC24E500F825F0 /* Debug */ = {
			isa = XCBuildConfiguration;
			baseConfigurationReference = 48902F445A77022C3F3AE7FE /* Pods-LottieSampleApp.debug.xcconfig */;
			buildSettings = {
				ASSETCATALOG_COMPILER_APPICON_NAME = AppIcon;
				CODE_SIGN_STYLE = Automatic;
				DEVELOPMENT_TEAM = PU53562856;
				INFOPLIST_FILE = LottieSampleApp/Info.plist;
				LD_RUNPATH_SEARCH_PATHS = "$(inherited) @executable_path/Frameworks";
				PRODUCT_BUNDLE_IDENTIFIER = co.uk.manosoft.LottieSampleApp;
				PRODUCT_NAME = "$(TARGET_NAME)";
				SWIFT_VERSION = 4.0;
				TARGETED_DEVICE_FAMILY = "1,2";
			};
			name = Debug;
		};
		CED414621FFC24E500F825F0 /* Release */ = {
			isa = XCBuildConfiguration;
			baseConfigurationReference = 4255AC98BDFE9FB9EF1C30CB /* Pods-LottieSampleApp.release.xcconfig */;
			buildSettings = {
				ASSETCATALOG_COMPILER_APPICON_NAME = AppIcon;
				CODE_SIGN_STYLE = Automatic;
				DEVELOPMENT_TEAM = PU53562856;
				INFOPLIST_FILE = LottieSampleApp/Info.plist;
				LD_RUNPATH_SEARCH_PATHS = "$(inherited) @executable_path/Frameworks";
				PRODUCT_BUNDLE_IDENTIFIER = co.uk.manosoft.LottieSampleApp;
				PRODUCT_NAME = "$(TARGET_NAME)";
				SWIFT_VERSION = 4.0;
				TARGETED_DEVICE_FAMILY = "1,2";
			};
			name = Release;
		};
/* End XCBuildConfiguration section */

/* Begin XCConfigurationList section */
		CED414491FFC24E500F825F0 /* Build configuration list for PBXProject "LottieSampleApp" */ = {
			isa = XCConfigurationList;
			buildConfigurations = (
				CED4145E1FFC24E500F825F0 /* Debug */,
				CED4145F1FFC24E500F825F0 /* Release */,
			);
			defaultConfigurationIsVisible = 0;
			defaultConfigurationName = Release;
		};
		CED414601FFC24E500F825F0 /* Build configuration list for PBXNativeTarget "LottieSampleApp" */ = {
			isa = XCConfigurationList;
			buildConfigurations = (
				CED414611FFC24E500F825F0 /* Debug */,
				CED414621FFC24E500F825F0 /* Release */,
			);
			defaultConfigurationIsVisible = 0;
			defaultConfigurationName = Release;
		};
/* End XCConfigurationList section */
	};
	rootObject = CED414461FFC24E500F825F0 /* Project object */;
}
